// !$*UTF8*$!
{
	archiveVersion = 1;
	classes = {
	};
	objectVersion = 48;
	objects = {

/* Begin PBXBuildFile section */
		04750C5C1FDD7DF40043F0AF /* AppDelegate.swift in Sources */ = {isa = PBXBuildFile; fileRef = 04750C5B1FDD7DF40043F0AF /* AppDelegate.swift */; };
		04750C5E1FDD7DF40043F0AF /* ViewController.swift in Sources */ = {isa = PBXBuildFile; fileRef = 04750C5D1FDD7DF40043F0AF /* ViewController.swift */; };
		04750C611FDD7DF40043F0AF /* Main.storyboard in Resources */ = {isa = PBXBuildFile; fileRef = 04750C5F1FDD7DF40043F0AF /* Main.storyboard */; };
		04750C631FDD7DF40043F0AF /* Assets.xcassets in Resources */ = {isa = PBXBuildFile; fileRef = 04750C621FDD7DF40043F0AF /* Assets.xcassets */; };
		04750C661FDD7DF40043F0AF /* LaunchScreen.storyboard in Resources */ = {isa = PBXBuildFile; fileRef = 04750C641FDD7DF40043F0AF /* LaunchScreen.storyboard */; };
/* End PBXBuildFile section */

/* Begin PBXFileReference section */
		04750C581FDD7DF40043F0AF /* CordovaBuild.app */ = {isa = PBXFileReference; explicitFileType = wrapper.application; includeInIndex = 0; path = CordovaBuild.app; sourceTree = BUILT_PRODUCTS_DIR; };
		04750C5B1FDD7DF40043F0AF /* AppDelegate.swift */ = {isa = PBXFileReference; lastKnownFileType = sourcecode.swift; path = AppDelegate.swift; sourceTree = "<group>"; };
		04750C5D1FDD7DF40043F0AF /* ViewController.swift */ = {isa = PBXFileReference; lastKnownFileType = sourcecode.swift; path = ViewController.swift; sourceTree = "<group>"; };
		04750C601FDD7DF40043F0AF /* Base */ = {isa = PBXFileReference; lastKnownFileType = file.storyboard; name = Base; path = Base.lproj/Main.storyboard; sourceTree = "<group>"; };
		04750C621FDD7DF40043F0AF /* Assets.xcassets */ = {isa = PBXFileReference; lastKnownFileType = folder.assetcatalog; path = Assets.xcassets; sourceTree = "<group>"; };
		04750C651FDD7DF40043F0AF /* Base */ = {isa = PBXFileReference; lastKnownFileType = file.storyboard; name = Base; path = Base.lproj/LaunchScreen.storyboard; sourceTree = "<group>"; };
		04750C671FDD7DF40043F0AF /* Info.plist */ = {isa = PBXFileReference; lastKnownFileType = text.plist.xml; path = Info.plist; sourceTree = "<group>"; };
/* End PBXFileReference section */

/* Begin PBXFrameworksBuildPhase section */
		04750C551FDD7DF40043F0AF /* Frameworks */ = {
			isa = PBXFrameworksBuildPhase;
			buildActionMask = 2147483647;
			files = (
			);
			runOnlyForDeploymentPostprocessing = 0;
		};
/* End PBXFrameworksBuildPhase section */

/* Begin PBXGroup section */
		04750C4F1FDD7DF40043F0AF = {
			isa = PBXGroup;
			children = (
				04750C5A1FDD7DF40043F0AF /* CordovaBuild */,
				04750C591FDD7DF40043F0AF /* Products */,
			);
			sourceTree = "<group>";
		};
		04750C591FDD7DF40043F0AF /* Products */ = {
			isa = PBXGroup;
			children = (
				04750C581FDD7DF40043F0AF /* CordovaBuild.app */,
			);
			name = Products;
			sourceTree = "<group>";
		};
		04750C5A1FDD7DF40043F0AF /* CordovaBuild */ = {
			isa = PBXGroup;
			children = (
				04750C5B1FDD7DF40043F0AF /* AppDelegate.swift */,
				04750C5D1FDD7DF40043F0AF /* ViewController.swift */,
				04750C5F1FDD7DF40043F0AF /* Main.storyboard */,
				04750C621FDD7DF40043F0AF /* Assets.xcassets */,
				04750C641FDD7DF40043F0AF /* LaunchScreen.storyboard */,
				04750C671FDD7DF40043F0AF /* Info.plist */,
			);
			path = CordovaBuild;
			sourceTree = "<group>";
		};
/* End PBXGroup section */

/* Begin PBXNativeTarget section */
		04750C571FDD7DF40043F0AF /* CordovaBuild */ = {
			isa = PBXNativeTarget;
			buildConfigurationList = 04750C6A1FDD7DF40043F0AF /* Build configuration list for PBXNativeTarget "CordovaBuild" */;
			buildPhases = (
				04750C541FDD7DF40043F0AF /* Sources */,
				04750C551FDD7DF40043F0AF /* Frameworks */,
				04750C561FDD7DF40043F0AF /* Resources */,
			);
			buildRules = (
			);
			dependencies = (
			);
			name = CordovaBuild;
			productName = CordovaBuild;
			productReference = 04750C581FDD7DF40043F0AF /* CordovaBuild.app */;
			productType = "com.apple.product-type.application";
		};
/* End PBXNativeTarget section */

/* Begin PBXProject section */
		04750C501FDD7DF40043F0AF /* Project object */ = {
			isa = PBXProject;
			attributes = {
				LastSwiftUpdateCheck = 0920;
				LastUpgradeCheck = 0920;
				ORGANIZATIONNAME = Jack;
				TargetAttributes = {
					04750C571FDD7DF40043F0AF = {
						CreatedOnToolsVersion = 9.2;
						ProvisioningStyle = Manual;
					};
				};
			};
			buildConfigurationList = 04750C531FDD7DF40043F0AF /* Build configuration list for PBXProject "CordovaBuild" */;
			compatibilityVersion = "Xcode 8.0";
			developmentRegion = en;
			hasScannedForEncodings = 0;
			knownRegions = (
				en,
				Base,
			);
			mainGroup = 04750C4F1FDD7DF40043F0AF;
			productRefGroup = 04750C591FDD7DF40043F0AF /* Products */;
			projectDirPath = "";
			projectRoot = "";
			targets = (
				04750C571FDD7DF40043F0AF /* CordovaBuild */,
			);
		};
/* End PBXProject section */

/* Begin PBXResourcesBuildPhase section */
		04750C561FDD7DF40043F0AF /* Resources */ = {
			isa = PBXResourcesBuildPhase;
			buildActionMask = 2147483647;
			files = (
				04750C661FDD7DF40043F0AF /* LaunchScreen.storyboard in Resources */,
				04750C631FDD7DF40043F0AF /* Assets.xcassets in Resources */,
				04750C611FDD7DF40043F0AF /* Main.storyboard in Resources */,
			);
			runOnlyForDeploymentPostprocessing = 0;
		};
/* End PBXResourcesBuildPhase section */

/* Begin PBXSourcesBuildPhase section */
		04750C541FDD7DF40043F0AF /* Sources */ = {
			isa = PBXSourcesBuildPhase;
			buildActionMask = 2147483647;
			files = (
				04750C5E1FDD7DF40043F0AF /* ViewController.swift in Sources */,
				04750C5C1FDD7DF40043F0AF /* AppDelegate.swift in Sources */,
			);
			runOnlyForDeploymentPostprocessing = 0;
		};
/* End PBXSourcesBuildPhase section */

/* Begin PBXVariantGroup section */
		04750C5F1FDD7DF40043F0AF /* Main.storyboard */ = {
			isa = PBXVariantGroup;
			children = (
				04750C601FDD7DF40043F0AF /* Base */,
			);
			name = Main.storyboard;
			sourceTree = "<group>";
		};
		04750C641FDD7DF40043F0AF /* LaunchScreen.storyboard */ = {
			isa = PBXVariantGroup;
			children = (
				04750C651FDD7DF40043F0AF /* Base */,
			);
			name = LaunchScreen.storyboard;
			sourceTree = "<group>";
		};
/* End PBXVariantGroup section */

/* Begin XCBuildConfiguration section */
		04750C681FDD7DF40043F0AF /* Debug */ = {
			isa = XCBuildConfiguration;
			buildSettings = {
				ALWAYS_SEARCH_USER_PATHS = NO;
				CLANG_ANALYZER_NONNULL = YES;
				CLANG_ANALYZER_NUMBER_OBJECT_CONVERSION = YES_AGGRESSIVE;
				CLANG_CXX_LANGUAGE_STANDARD = "gnu++14";
				CLANG_CXX_LIBRARY = "libc++";
				CLANG_ENABLE_MODULES = YES;
				CLANG_ENABLE_OBJC_ARC = YES;
				CLANG_WARN_BLOCK_CAPTURE_AUTORELEASING = YES;
				CLANG_WARN_BOOL_CONVERSION = YES;
				CLANG_WARN_COMMA = YES;
				CLANG_WARN_CONSTANT_CONVERSION = YES;
				CLANG_WARN_DIRECT_OBJC_ISA_USAGE = YES_ERROR;
				CLANG_WARN_DOCUMENTATION_COMMENTS = YES;
				CLANG_WARN_EMPTY_BODY = YES;
				CLANG_WARN_ENUM_CONVERSION = YES;
				CLANG_WARN_INFINITE_RECURSION = YES;
				CLANG_WARN_INT_CONVERSION = YES;
				CLANG_WARN_NON_LITERAL_NULL_CONVERSION = YES;
				CLANG_WARN_OBJC_LITERAL_CONVERSION = YES;
				CLANG_WARN_OBJC_ROOT_CLASS = YES_ERROR;
				CLANG_WARN_RANGE_LOOP_ANALYSIS = YES;
				CLANG_WARN_STRICT_PROTOTYPES = YES;
				CLANG_WARN_SUSPICIOUS_MOVE = YES;
				CLANG_WARN_UNGUARDED_AVAILABILITY = YES_AGGRESSIVE;
				CLANG_WARN_UNREACHABLE_CODE = YES;
				CLANG_WARN__DUPLICATE_METHOD_MATCH = YES;
				CODE_SIGN_IDENTITY = "iPhone Developer";
				COPY_PHASE_STRIP = NO;
				DEBUG_INFORMATION_FORMAT = dwarf;
				ENABLE_STRICT_OBJC_MSGSEND = YES;
				ENABLE_TESTABILITY = YES;
				GCC_C_LANGUAGE_STANDARD = gnu11;
				GCC_DYNAMIC_NO_PIC = NO;
				GCC_NO_COMMON_BLOCKS = YES;
				GCC_OPTIMIZATION_LEVEL = 0;
				GCC_PREPROCESSOR_DEFINITIONS = (
					"DEBUG=1",
					"$(inherited)",
				);
				GCC_WARN_64_TO_32_BIT_CONVERSION = YES;
				GCC_WARN_ABOUT_RETURN_TYPE = YES_ERROR;
				GCC_WARN_UNDECLARED_SELECTOR = YES;
				GCC_WARN_UNINITIALIZED_AUTOS = YES_AGGRESSIVE;
				GCC_WARN_UNUSED_FUNCTION = YES;
				GCC_WARN_UNUSED_VARIABLE = YES;
				IPHONEOS_DEPLOYMENT_TARGET = 9.0;
				MTL_ENABLE_DEBUG_INFO = YES;
				ONLY_ACTIVE_ARCH = YES;
				SDKROOT = iphoneos;
				SWIFT_ACTIVE_COMPILATION_CONDITIONS = DEBUG;
				SWIFT_OPTIMIZATION_LEVEL = "-Onone";
			};
			name = Debug;
		};
		04750C691FDD7DF40043F0AF /* Release */ = {
			isa = XCBuildConfiguration;
			buildSettings = {
				ALWAYS_SEARCH_USER_PATHS = NO;
				CLANG_ANALYZER_NONNULL = YES;
				CLANG_ANALYZER_NUMBER_OBJECT_CONVERSION = YES_AGGRESSIVE;
				CLANG_CXX_LANGUAGE_STANDARD = "gnu++14";
				CLANG_CXX_LIBRARY = "libc++";
				CLANG_ENABLE_MODULES = YES;
				CLANG_ENABLE_OBJC_ARC = YES;
				CLANG_WARN_BLOCK_CAPTURE_AUTORELEASING = YES;
				CLANG_WARN_BOOL_CONVERSION = YES;
				CLANG_WARN_COMMA = YES;
				CLANG_WARN_CONSTANT_CONVERSION = YES;
				CLANG_WARN_DIRECT_OBJC_ISA_USAGE = YES_ERROR;
				CLANG_WARN_DOCUMENTATION_COMMENTS = YES;
				CLANG_WARN_EMPTY_BODY = YES;
				CLANG_WARN_ENUM_CONVERSION = YES;
				CLANG_WARN_INFINITE_RECURSION = YES;
				CLANG_WARN_INT_CONVERSION = YES;
				CLANG_WARN_NON_LITERAL_NULL_CONVERSION = YES;
				CLANG_WARN_OBJC_LITERAL_CONVERSION = YES;
				CLANG_WARN_OBJC_ROOT_CLASS = YES_ERROR;
				CLANG_WARN_RANGE_LOOP_ANALYSIS = YES;
				CLANG_WARN_STRICT_PROTOTYPES = YES;
				CLANG_WARN_SUSPICIOUS_MOVE = YES;
				CLANG_WARN_UNGUARDED_AVAILABILITY = YES_AGGRESSIVE;
				CLANG_WARN_UNREACHABLE_CODE = YES;
				CLANG_WARN__DUPLICATE_METHOD_MATCH = YES;
				CODE_SIGN_IDENTITY = "iPhone Developer";
				COPY_PHASE_STRIP = NO;
				DEBUG_INFORMATION_FORMAT = "dwarf-with-dsym";
				ENABLE_NS_ASSERTIONS = NO;
				ENABLE_STRICT_OBJC_MSGSEND = YES;
				GCC_C_LANGUAGE_STANDARD = gnu11;
				GCC_NO_COMMON_BLOCKS = YES;
				GCC_WARN_64_TO_32_BIT_CONVERSION = YES;
				GCC_WARN_ABOUT_RETURN_TYPE = YES_ERROR;
				GCC_WARN_UNDECLARED_SELECTOR = YES;
				GCC_WARN_UNINITIALIZED_AUTOS = YES_AGGRESSIVE;
				GCC_WARN_UNUSED_FUNCTION = YES;
				GCC_WARN_UNUSED_VARIABLE = YES;
				IPHONEOS_DEPLOYMENT_TARGET = 9.0;
				MTL_ENABLE_DEBUG_INFO = NO;
				SDKROOT = iphoneos;
				SWIFT_OPTIMIZATION_LEVEL = "-Owholemodule";
				VALIDATE_PRODUCT = YES;
			};
			name = Release;
		};
		04750C6B1FDD7DF40043F0AF /* Debug */ = {
			isa = XCBuildConfiguration;
			buildSettings = {
				ASSETCATALOG_COMPILER_APPICON_NAME = AppIcon;
				"CODE_SIGN_IDENTITY[sdk=iphoneos*]" = "iPhone Developer";
				CODE_SIGN_STYLE = Manual;
				DEVELOPMENT_TEAM = KF7K2QJUL4;
				INFOPLIST_FILE = CordovaBuild/Info.plist;
				LD_RUNPATH_SEARCH_PATHS = "$(inherited) @executable_path/Frameworks";
				PRODUCT_BUNDLE_IDENTIFIER = ru.oblafon.bescha;
				PRODUCT_NAME = "$(TARGET_NAME)";
				PROVISIONING_PROFILE = "92cdcc17-9062-4fab-98f7-3c7c00ada6e7";
				PROVISIONING_PROFILE_SPECIFIER = Oblafon_11dev;
				SWIFT_VERSION = 4.0;
				TARGETED_DEVICE_FAMILY = "1,2";
			};
			name = Debug;
		};
		04750C6C1FDD7DF40043F0AF /* Release */ = {
			isa = XCBuildConfiguration;
			buildSettings = {
				ASSETCATALOG_COMPILER_APPICON_NAME = AppIcon;
				"CODE_SIGN_IDENTITY[sdk=iphoneos*]" = "iPhone Developer";
				CODE_SIGN_STYLE = Manual;
				DEVELOPMENT_TEAM = KF7K2QJUL4;
				INFOPLIST_FILE = CordovaBuild/Info.plist;
				LD_RUNPATH_SEARCH_PATHS = "$(inherited) @executable_path/Frameworks";
				PRODUCT_BUNDLE_IDENTIFIER = ru.oblafon.bescha;
				PRODUCT_NAME = "$(TARGET_NAME)";
				PROVISIONING_PROFILE = "92cdcc17-9062-4fab-98f7-3c7c00ada6e7";
				PROVISIONING_PROFILE_SPECIFIER = Oblafon_11dev;
				SWIFT_VERSION = 4.0;
				TARGETED_DEVICE_FAMILY = "1,2";
			};
			name = Release;
		};
/* End XCBuildConfiguration section */

/* Begin XCConfigurationList section */
		04750C531FDD7DF40043F0AF /* Build configuration list for PBXProject "CordovaBuild" */ = {
			isa = XCConfigurationList;
			buildConfigurations = (
				04750C681FDD7DF40043F0AF /* Debug */,
				04750C691FDD7DF40043F0AF /* Release */,
			);
			defaultConfigurationIsVisible = 0;
			defaultConfigurationName = Release;
		};
		04750C6A1FDD7DF40043F0AF /* Build configuration list for PBXNativeTarget "CordovaBuild" */ = {
			isa = XCConfigurationList;
			buildConfigurations = (
				04750C6B1FDD7DF40043F0AF /* Debug */,
				04750C6C1FDD7DF40043F0AF /* Release */,
			);
			defaultConfigurationIsVisible = 0;
			defaultConfigurationName = Release;
		};
/* End XCConfigurationList section */
	};
	rootObject = 04750C501FDD7DF40043F0AF /* Project object */;
}
